PODS:
  - fake_weibo (0.0.1):
    - Flutter
    - Weibo_SDK (~> 3.2.5.1)
  - Flutter (1.0.0)
  - flutter_forbidshot (0.0.1):
    - Flutter
  - flutter_plugin_android_lifecycle (0.0.1):
    - Flutter
  - flutter_tencentplayer (0.6.0):
    - Flutter
    - TXLiteAVSDK_Player (= 7.2.8932)
  - fluttertoast (0.0.2):
    - Flutter
  - fluwx (0.0.1):
    - Flutter
  - FMDB (2.7.5):
    - FMDB/standard (= 2.7.5)
  - FMDB/standard (2.7.5)
  - image_gallery_saver (0.0.1):
    - Flutter
  - image_picker (0.0.1):
    - Flutter
  - path_provider (0.0.1):
    - Flutter
  - path_provider_macos (0.0.1):
    - Flutter
  - "permission_handler (4.2.0+hotfix.3)":
    - Flutter
  - screen (0.0.1):
    - Flutter
  - shared_preferences (0.0.1):
    - Flutter
  - shared_preferences_macos (0.0.1):
    - Flutter
  - shared_preferences_web (0.0.1):
    - Flutter
  - sqflite (0.0.1):
    - Flutter
    - FMDB (~> 2.7.2)
  - talkingdata_appanalytics_plugin (0.0.1):
    - Flutter
  - TXLiteAVSDK_Player (7.2.8932)
  - url_launcher (0.0.1):
    - Flutter
  - url_launcher_macos (0.0.1):
    - Flutter
  - url_launcher_web (0.0.1):
    - Flutter
  - video_player (0.0.1):
    - Flutter
  - video_player_web (0.0.1):
    - Flutter
  - wakelock (0.0.1):
    - Flutter
  - webview_flutter (0.0.1):
    - Flutter
  - Weibo_SDK (3.2.5.1)

DEPENDENCIES:
  - fake_weibo (from `.symlinks/plugins/fake_weibo/ios`)
  - Flutter (from `Flutter`)
  - flutter_forbidshot (from `.symlinks/plugins/flutter_forbidshot/ios`)
  - flutter_plugin_android_lifecycle (from `.symlinks/plugins/flutter_plugin_android_lifecycle/ios`)
  - flutter_tencentplayer (from `.symlinks/plugins/flutter_tencentplayer/ios`)
  - fluttertoast (from `.symlinks/plugins/fluttertoast/ios`)
  - fluwx (from `.symlinks/plugins/fluwx/ios`)
  - image_gallery_saver (from `.symlinks/plugins/image_gallery_saver/ios`)
  - image_picker (from `.symlinks/plugins/image_picker/ios`)
  - path_provider (from `.symlinks/plugins/path_provider/ios`)
  - path_provider_macos (from `.symlinks/plugins/path_provider_macos/ios`)
  - permission_handler (from `.symlinks/plugins/permission_handler/ios`)
  - screen (from `.symlinks/plugins/screen/ios`)
  - shared_preferences (from `.symlinks/plugins/shared_preferences/ios`)
  - shared_preferences_macos (from `.symlinks/plugins/shared_preferences_macos/ios`)
  - shared_preferences_web (from `.symlinks/plugins/shared_preferences_web/ios`)
  - sqflite (from `.symlinks/plugins/sqflite/ios`)
  - talkingdata_appanalytics_plugin (from `.symlinks/plugins/talkingdata_appanalytics_plugin/ios`)
  - url_launcher (from `.symlinks/plugins/url_launcher/ios`)
  - url_launcher_macos (from `.symlinks/plugins/url_launcher_macos/ios`)
  - url_launcher_web (from `.symlinks/plugins/url_launcher_web/ios`)
  - video_player (from `.symlinks/plugins/video_player/ios`)
  - video_player_web (from `.symlinks/plugins/video_player_web/ios`)
  - wakelock (from `.symlinks/plugins/wakelock/ios`)
  - webview_flutter (from `.symlinks/plugins/webview_flutter/ios`)

SPEC REPOS:
  trunk:
    - FMDB
    - TXLiteAVSDK_Player
    - Weibo_SDK

EXTERNAL SOURCES:
  fake_weibo:
    :path: ".symlinks/plugins/fake_weibo/ios"
  Flutter:
    :path: Flutter
  flutter_forbidshot:
    :path: ".symlinks/plugins/flutter_forbidshot/ios"
  flutter_plugin_android_lifecycle:
    :path: ".symlinks/plugins/flutter_plugin_android_lifecycle/ios"
  flutter_tencentplayer:
    :path: ".symlinks/plugins/flutter_tencentplayer/ios"
  fluttertoast:
    :path: ".symlinks/plugins/fluttertoast/ios"
  fluwx:
    :path: ".symlinks/plugins/fluwx/ios"
  image_gallery_saver:
    :path: ".symlinks/plugins/image_gallery_saver/ios"
  image_picker:
    :path: ".symlinks/plugins/image_picker/ios"
  path_provider:
    :path: ".symlinks/plugins/path_provider/ios"
  path_provider_macos:
    :path: ".symlinks/plugins/path_provider_macos/ios"
  permission_handler:
    :path: ".symlinks/plugins/permission_handler/ios"
  screen:
    :path: ".symlinks/plugins/screen/ios"
  shared_preferences:
    :path: ".symlinks/plugins/shared_preferences/ios"
  shared_preferences_macos:
    :path: ".symlinks/plugins/shared_preferences_macos/ios"
  shared_preferences_web:
    :path: ".symlinks/plugins/shared_preferences_web/ios"
  sqflite:
    :path: ".symlinks/plugins/sqflite/ios"
  talkingdata_appanalytics_plugin:
    :path: ".symlinks/plugins/talkingdata_appanalytics_plugin/ios"
  url_launcher:
    :path: ".symlinks/plugins/url_launcher/ios"
  url_launcher_macos:
    :path: ".symlinks/plugins/url_launcher_macos/ios"
  url_launcher_web:
    :path: ".symlinks/plugins/url_launcher_web/ios"
  video_player:
    :path: ".symlinks/plugins/video_player/ios"
  video_player_web:
    :path: ".symlinks/plugins/video_player_web/ios"
  wakelock:
    :path: ".symlinks/plugins/wakelock/ios"
  webview_flutter:
    :path: ".symlinks/plugins/webview_flutter/ios"

SPEC CHECKSUMS:
  fake_weibo: 389919d952e8ed6741b4e70eb39a25b27cf21538
  Flutter: 0e3d915762c693b495b44d77113d4970485de6ec
  flutter_forbidshot: feac5273065c5b7b6b57a9c6ec4936e3be473523
  flutter_plugin_android_lifecycle: 47de533a02850f070f5696a623995e93eddcdb9b
  flutter_tencentplayer: 58fc66f1da3f942567d2635e300828f02c1a2cff
  fluttertoast: b644586ef3b16f67fae9a1f8754cef6b2d6b634b
  fluwx: e46c9ea0278bc6b4a2686dd29ec4ff4eb509e626
  FMDB: 2ce00b547f966261cd18927a3ddb07cb6f3db82a
  image_gallery_saver: 73b3cd8ad9c950c739878af9c311744d1bf5405d
  image_picker: e3eacd46b94694dde7cf2705955cece853aa1a8f
  path_provider: abfe2b5c733d04e238b0d8691db0cfd63a27a93c
  path_provider_macos: f760a3c5b04357c380e2fddb6f9db6f3015897e0
  permission_handler: 40520ab8ad1bb78a282b832464e995ec87f77ec6
  screen: abd91ca7bf3426e1cc3646d27e9b2358d6bf07b0
  shared_preferences: 430726339841afefe5142b9c1f50cb6bd7793e01
  shared_preferences_macos: f3f29b71ccbb56bf40c9dd6396c9acf15e214087
  shared_preferences_web: 141cce0c3ed1a1c5bf2a0e44f52d31eeb66e5ea9
  sqflite: 4001a31ff81d210346b500c55b17f4d6c7589dd0
  talkingdata_appanalytics_plugin: 5e46f0292206686e34814936c58d14ff893d43ac
  TXLiteAVSDK_Player: 7e2f5854f131f0de16ffdefa35081a36bb4f1e93
  url_launcher: a1c0cc845906122c4784c542523d8cacbded5626
  url_launcher_macos: fd7894421cd39320dce5f292fc99ea9270b2a313
  url_launcher_web: e5527357f037c87560776e36436bf2b0288b965c
  video_player: 9cc823b1d9da7e8427ee591e8438bfbcde500e6e
  video_player_web: da8cadb8274ed4f8dbee8d7171b420dedd437ce7
  wakelock: 0d4a70faf8950410735e3f61fb15d517c8a6efc4
  webview_flutter: bec7599de6bfbe8008a739aa3ebd7b364ea9d0cd
  Weibo_SDK: 76455315cb43d6a63c1990bf91483f05a98d45fd

PODFILE CHECKSUM: 9211cb0e25c2b6f85fcf7adff40de9820cb01af3

COCOAPODS: 1.8.4
